// !$*UTF8*$!
{
	archiveVersion = 1;
	classes = {
	};
	objectVersion = 50;
	objects = {

/* Begin PBXBuildFile section */
		29C0CBD82368BB0B00FC35C5 /* AppDelegate.swift in Sources */ = {isa = PBXBuildFile; fileRef = 29C0CBD72368BB0B00FC35C5 /* AppDelegate.swift */; };
		29C0CBDA2368BB0B00FC35C5 /* SceneDelegate.swift in Sources */ = {isa = PBXBuildFile; fileRef = 29C0CBD92368BB0B00FC35C5 /* SceneDelegate.swift */; };
		29C0CBDC2368BB0B00FC35C5 /* ViewController.swift in Sources */ = {isa = PBXBuildFile; fileRef = 29C0CBDB2368BB0B00FC35C5 /* ViewController.swift */; };
		29C0CBDF2368BB0B00FC35C5 /* Main.storyboard in Resources */ = {isa = PBXBuildFile; fileRef = 29C0CBDD2368BB0B00FC35C5 /* Main.storyboard */; };
		29C0CBE12368BB0C00FC35C5 /* Assets.xcassets in Resources */ = {isa = PBXBuildFile; fileRef = 29C0CBE02368BB0C00FC35C5 /* Assets.xcassets */; };
		29C0CBE42368BB0C00FC35C5 /* LaunchScreen.storyboard in Resources */ = {isa = PBXBuildFile; fileRef = 29C0CBE22368BB0C00FC35C5 /* LaunchScreen.storyboard */; };
		29C0CBEC2368BB3400FC35C5 /* UIView+SwiftUIKit.swift in Sources */ = {isa = PBXBuildFile; fileRef = 29C0CBEB2368BB3400FC35C5 /* UIView+SwiftUIKit.swift */; };
		29C0CBEE2368BD2200FC35C5 /* HStack.swift in Sources */ = {isa = PBXBuildFile; fileRef = 29C0CBED2368BD2200FC35C5 /* HStack.swift */; };
		29C0CBF02368BD4B00FC35C5 /* VStack.swift in Sources */ = {isa = PBXBuildFile; fileRef = 29C0CBEF2368BD4B00FC35C5 /* VStack.swift */; };
/* End PBXBuildFile section */

/* Begin PBXFileReference section */
		29C0CBD42368BB0B00FC35C5 /* SwiftUIKit-Example.app */ = {isa = PBXFileReference; explicitFileType = wrapper.application; includeInIndex = 0; path = "SwiftUIKit-Example.app"; sourceTree = BUILT_PRODUCTS_DIR; };
		29C0CBD72368BB0B00FC35C5 /* AppDelegate.swift */ = {isa = PBXFileReference; lastKnownFileType = sourcecode.swift; path = AppDelegate.swift; sourceTree = "<group>"; };
		29C0CBD92368BB0B00FC35C5 /* SceneDelegate.swift */ = {isa = PBXFileReference; lastKnownFileType = sourcecode.swift; path = SceneDelegate.swift; sourceTree = "<group>"; };
		29C0CBDB2368BB0B00FC35C5 /* ViewController.swift */ = {isa = PBXFileReference; lastKnownFileType = sourcecode.swift; path = ViewController.swift; sourceTree = "<group>"; };
		29C0CBDE2368BB0B00FC35C5 /* Base */ = {isa = PBXFileReference; lastKnownFileType = file.storyboard; name = Base; path = Base.lproj/Main.storyboard; sourceTree = "<group>"; };
		29C0CBE02368BB0C00FC35C5 /* Assets.xcassets */ = {isa = PBXFileReference; lastKnownFileType = folder.assetcatalog; path = Assets.xcassets; sourceTree = "<group>"; };
		29C0CBE32368BB0C00FC35C5 /* Base */ = {isa = PBXFileReference; lastKnownFileType = file.storyboard; name = Base; path = Base.lproj/LaunchScreen.storyboard; sourceTree = "<group>"; };
		29C0CBE52368BB0C00FC35C5 /* Info.plist */ = {isa = PBXFileReference; lastKnownFileType = text.plist.xml; path = Info.plist; sourceTree = "<group>"; };
		29C0CBEB2368BB3400FC35C5 /* UIView+SwiftUIKit.swift */ = {isa = PBXFileReference; lastKnownFileType = sourcecode.swift; path = "UIView+SwiftUIKit.swift"; sourceTree = "<group>"; };
		29C0CBED2368BD2200FC35C5 /* HStack.swift */ = {isa = PBXFileReference; lastKnownFileType = sourcecode.swift; path = HStack.swift; sourceTree = "<group>"; };
		29C0CBEF2368BD4B00FC35C5 /* VStack.swift */ = {isa = PBXFileReference; lastKnownFileType = sourcecode.swift; path = VStack.swift; sourceTree = "<group>"; };
/* End PBXFileReference section */

/* Begin PBXFrameworksBuildPhase section */
		29C0CBD12368BB0B00FC35C5 /* Frameworks */ = {
			isa = PBXFrameworksBuildPhase;
			buildActionMask = 2147483647;
			files = (
			);
			runOnlyForDeploymentPostprocessing = 0;
		};
/* End PBXFrameworksBuildPhase section */

/* Begin PBXGroup section */
		29C0CBCB2368BB0B00FC35C5 = {
			isa = PBXGroup;
			children = (
				29C0CBD62368BB0B00FC35C5 /* SwiftUIKit-Example */,
				29C0CBD52368BB0B00FC35C5 /* Products */,
			);
			sourceTree = "<group>";
		};
		29C0CBD52368BB0B00FC35C5 /* Products */ = {
			isa = PBXGroup;
			children = (
				29C0CBD42368BB0B00FC35C5 /* SwiftUIKit-Example.app */,
			);
			name = Products;
			sourceTree = "<group>";
		};
		29C0CBD62368BB0B00FC35C5 /* SwiftUIKit-Example */ = {
			isa = PBXGroup;
			children = (
				29C0CBD72368BB0B00FC35C5 /* AppDelegate.swift */,
				29C0CBD92368BB0B00FC35C5 /* SceneDelegate.swift */,
				29C0CBDB2368BB0B00FC35C5 /* ViewController.swift */,
				29C0CBDD2368BB0B00FC35C5 /* Main.storyboard */,
				29C0CBE02368BB0C00FC35C5 /* Assets.xcassets */,
				29C0CBE22368BB0C00FC35C5 /* LaunchScreen.storyboard */,
				29C0CBE52368BB0C00FC35C5 /* Info.plist */,
				29C0CBF32368BD7900FC35C5 /* Views */,
				29C0CBF42368BD8A00FC35C5 /* Extensions */,
				29C0CBF12368BD6500FC35C5 /* Containers */,
			);
			path = "SwiftUIKit-Example";
			sourceTree = "<group>";
		};
		29C0CBF12368BD6500FC35C5 /* Containers */ = {
			isa = PBXGroup;
			children = (
				29C0CBEF2368BD4B00FC35C5 /* VStack.swift */,
				29C0CBED2368BD2200FC35C5 /* HStack.swift */,
			);
			path = Containers;
			sourceTree = "<group>";
		};
		29C0CBF32368BD7900FC35C5 /* Views */ = {
			isa = PBXGroup;
			children = (
			);
			path = Views;
			sourceTree = "<group>";
		};
		29C0CBF42368BD8A00FC35C5 /* Extensions */ = {
			isa = PBXGroup;
			children = (
				29C0CBEB2368BB3400FC35C5 /* UIView+SwiftUIKit.swift */,
			);
			path = Extensions;
			sourceTree = "<group>";
		};
/* End PBXGroup section */

/* Begin PBXNativeTarget section */
		29C0CBD32368BB0B00FC35C5 /* SwiftUIKit-Example */ = {
			isa = PBXNativeTarget;
			buildConfigurationList = 29C0CBE82368BB0C00FC35C5 /* Build configuration list for PBXNativeTarget "SwiftUIKit-Example" */;
			buildPhases = (
				29C0CBD02368BB0B00FC35C5 /* Sources */,
				29C0CBD12368BB0B00FC35C5 /* Frameworks */,
				29C0CBD22368BB0B00FC35C5 /* Resources */,
			);
			buildRules = (
			);
			dependencies = (
			);
			name = "SwiftUIKit-Example";
			productName = "SwiftUIKit-Example";
			productReference = 29C0CBD42368BB0B00FC35C5 /* SwiftUIKit-Example.app */;
			productType = "com.apple.product-type.application";
		};
/* End PBXNativeTarget section */

/* Begin PBXProject section */
		29C0CBCC2368BB0B00FC35C5 /* Project object */ = {
			isa = PBXProject;
			attributes = {
				LastSwiftUpdateCheck = 1100;
				LastUpgradeCheck = 1100;
				ORGANIZATIONNAME = oneleif;
				TargetAttributes = {
					29C0CBD32368BB0B00FC35C5 = {
						CreatedOnToolsVersion = 11.0;
					};
				};
			};
			buildConfigurationList = 29C0CBCF2368BB0B00FC35C5 /* Build configuration list for PBXProject "SwiftUIKit-Example" */;
			compatibilityVersion = "Xcode 9.3";
			developmentRegion = en;
			hasScannedForEncodings = 0;
			knownRegions = (
				en,
				Base,
			);
			mainGroup = 29C0CBCB2368BB0B00FC35C5;
			productRefGroup = 29C0CBD52368BB0B00FC35C5 /* Products */;
			projectDirPath = "";
			projectRoot = "";
			targets = (
				29C0CBD32368BB0B00FC35C5 /* SwiftUIKit-Example */,
			);
		};
/* End PBXProject section */

/* Begin PBXResourcesBuildPhase section */
		29C0CBD22368BB0B00FC35C5 /* Resources */ = {
			isa = PBXResourcesBuildPhase;
			buildActionMask = 2147483647;
			files = (
				29C0CBE42368BB0C00FC35C5 /* LaunchScreen.storyboard in Resources */,
				29C0CBE12368BB0C00FC35C5 /* Assets.xcassets in Resources */,
				29C0CBDF2368BB0B00FC35C5 /* Main.storyboard in Resources */,
			);
			runOnlyForDeploymentPostprocessing = 0;
		};
/* End PBXResourcesBuildPhase section */

/* Begin PBXSourcesBuildPhase section */
		29C0CBD02368BB0B00FC35C5 /* Sources */ = {
			isa = PBXSourcesBuildPhase;
			buildActionMask = 2147483647;
			files = (
				29C0CBDC2368BB0B00FC35C5 /* ViewController.swift in Sources */,
				29C0CBEC2368BB3400FC35C5 /* UIView+SwiftUIKit.swift in Sources */,
				29C0CBEE2368BD2200FC35C5 /* HStack.swift in Sources */,
				29C0CBD82368BB0B00FC35C5 /* AppDelegate.swift in Sources */,
				29C0CBDA2368BB0B00FC35C5 /* SceneDelegate.swift in Sources */,
				29C0CBF02368BD4B00FC35C5 /* VStack.swift in Sources */,
			);
			runOnlyForDeploymentPostprocessing = 0;
		};
/* End PBXSourcesBuildPhase section */

/* Begin PBXVariantGroup section */
		29C0CBDD2368BB0B00FC35C5 /* Main.storyboard */ = {
			isa = PBXVariantGroup;
			children = (
				29C0CBDE2368BB0B00FC35C5 /* Base */,
			);
			name = Main.storyboard;
			sourceTree = "<group>";
		};
		29C0CBE22368BB0C00FC35C5 /* LaunchScreen.storyboard */ = {
			isa = PBXVariantGroup;
			children = (
				29C0CBE32368BB0C00FC35C5 /* Base */,
			);
			name = LaunchScreen.storyboard;
			sourceTree = "<group>";
		};
/* End PBXVariantGroup section */

/* Begin XCBuildConfiguration section */
		29C0CBE62368BB0C00FC35C5 /* Debug */ = {
			isa = XCBuildConfiguration;
			buildSettings = {
				ALWAYS_SEARCH_USER_PATHS = NO;
				CLANG_ANALYZER_NONNULL = YES;
				CLANG_ANALYZER_NUMBER_OBJECT_CONVERSION = YES_AGGRESSIVE;
				CLANG_CXX_LANGUAGE_STANDARD = "gnu++14";
				CLANG_CXX_LIBRARY = "libc++";
				CLANG_ENABLE_MODULES = YES;
				CLANG_ENABLE_OBJC_ARC = YES;
				CLANG_ENABLE_OBJC_WEAK = YES;
				CLANG_WARN_BLOCK_CAPTURE_AUTORELEASING = YES;
				CLANG_WARN_BOOL_CONVERSION = YES;
				CLANG_WARN_COMMA = YES;
				CLANG_WARN_CONSTANT_CONVERSION = YES;
				CLANG_WARN_DEPRECATED_OBJC_IMPLEMENTATIONS = YES;
				CLANG_WARN_DIRECT_OBJC_ISA_USAGE = YES_ERROR;
				CLANG_WARN_DOCUMENTATION_COMMENTS = YES;
				CLANG_WARN_EMPTY_BODY = YES;
				CLANG_WARN_ENUM_CONVERSION = YES;
				CLANG_WARN_INFINITE_RECURSION = YES;
				CLANG_WARN_INT_CONVERSION = YES;
				CLANG_WARN_NON_LITERAL_NULL_CONVERSION = YES;
				CLANG_WARN_OBJC_IMPLICIT_RETAIN_SELF = YES;
				CLANG_WARN_OBJC_LITERAL_CONVERSION = YES;
				CLANG_WARN_OBJC_ROOT_CLASS = YES_ERROR;
				CLANG_WARN_RANGE_LOOP_ANALYSIS = YES;
				CLANG_WARN_STRICT_PROTOTYPES = YES;
				CLANG_WARN_SUSPICIOUS_MOVE = YES;
				CLANG_WARN_UNGUARDED_AVAILABILITY = YES_AGGRESSIVE;
				CLANG_WARN_UNREACHABLE_CODE = YES;
				CLANG_WARN__DUPLICATE_METHOD_MATCH = YES;
				COPY_PHASE_STRIP = NO;
				DEBUG_INFORMATION_FORMAT = dwarf;
				ENABLE_STRICT_OBJC_MSGSEND = YES;
				ENABLE_TESTABILITY = YES;
				GCC_C_LANGUAGE_STANDARD = gnu11;
				GCC_DYNAMIC_NO_PIC = NO;
				GCC_NO_COMMON_BLOCKS = YES;
				GCC_OPTIMIZATION_LEVEL = 0;
				GCC_PREPROCESSOR_DEFINITIONS = (
					"DEBUG=1",
					"$(inherited)",
				);
				GCC_WARN_64_TO_32_BIT_CONVERSION = YES;
				GCC_WARN_ABOUT_RETURN_TYPE = YES_ERROR;
				GCC_WARN_UNDECLARED_SELECTOR = YES;
				GCC_WARN_UNINITIALIZED_AUTOS = YES_AGGRESSIVE;
				GCC_WARN_UNUSED_FUNCTION = YES;
				GCC_WARN_UNUSED_VARIABLE = YES;
				IPHONEOS_DEPLOYMENT_TARGET = 13.0;
				MTL_ENABLE_DEBUG_INFO = INCLUDE_SOURCE;
				MTL_FAST_MATH = YES;
				ONLY_ACTIVE_ARCH = YES;
				SDKROOT = iphoneos;
				SWIFT_ACTIVE_COMPILATION_CONDITIONS = DEBUG;
				SWIFT_OPTIMIZATION_LEVEL = "-Onone";
			};
			name = Debug;
		};
		29C0CBE72368BB0C00FC35C5 /* Release */ = {
			isa = XCBuildConfiguration;
			buildSettings = {
				ALWAYS_SEARCH_USER_PATHS = NO;
				CLANG_ANALYZER_NONNULL = YES;
				CLANG_ANALYZER_NUMBER_OBJECT_CONVERSION = YES_AGGRESSIVE;
				CLANG_CXX_LANGUAGE_STANDARD = "gnu++14";
				CLANG_CXX_LIBRARY = "libc++";
				CLANG_ENABLE_MODULES = YES;
				CLANG_ENABLE_OBJC_ARC = YES;
				CLANG_ENABLE_OBJC_WEAK = YES;
				CLANG_WARN_BLOCK_CAPTURE_AUTORELEASING = YES;
				CLANG_WARN_BOOL_CONVERSION = YES;
				CLANG_WARN_COMMA = YES;
				CLANG_WARN_CONSTANT_CONVERSION = YES;
				CLANG_WARN_DEPRECATED_OBJC_IMPLEMENTATIONS = YES;
				CLANG_WARN_DIRECT_OBJC_ISA_USAGE = YES_ERROR;
				CLANG_WARN_DOCUMENTATION_COMMENTS = YES;
				CLANG_WARN_EMPTY_BODY = YES;
				CLANG_WARN_ENUM_CONVERSION = YES;
				CLANG_WARN_INFINITE_RECURSION = YES;
				CLANG_WARN_INT_CONVERSION = YES;
				CLANG_WARN_NON_LITERAL_NULL_CONVERSION = YES;
				CLANG_WARN_OBJC_IMPLICIT_RETAIN_SELF = YES;
				CLANG_WARN_OBJC_LITERAL_CONVERSION = YES;
				CLANG_WARN_OBJC_ROOT_CLASS = YES_ERROR;
				CLANG_WARN_RANGE_LOOP_ANALYSIS = YES;
				CLANG_WARN_STRICT_PROTOTYPES = YES;
				CLANG_WARN_SUSPICIOUS_MOVE = YES;
				CLANG_WARN_UNGUARDED_AVAILABILITY = YES_AGGRESSIVE;
				CLANG_WARN_UNREACHABLE_CODE = YES;
				CLANG_WARN__DUPLICATE_METHOD_MATCH = YES;
				COPY_PHASE_STRIP = NO;
				DEBUG_INFORMATION_FORMAT = "dwarf-with-dsym";
				ENABLE_NS_ASSERTIONS = NO;
				ENABLE_STRICT_OBJC_MSGSEND = YES;
				GCC_C_LANGUAGE_STANDARD = gnu11;
				GCC_NO_COMMON_BLOCKS = YES;
				GCC_WARN_64_TO_32_BIT_CONVERSION = YES;
				GCC_WARN_ABOUT_RETURN_TYPE = YES_ERROR;
				GCC_WARN_UNDECLARED_SELECTOR = YES;
				GCC_WARN_UNINITIALIZED_AUTOS = YES_AGGRESSIVE;
				GCC_WARN_UNUSED_FUNCTION = YES;
				GCC_WARN_UNUSED_VARIABLE = YES;
				IPHONEOS_DEPLOYMENT_TARGET = 13.0;
				MTL_ENABLE_DEBUG_INFO = NO;
				MTL_FAST_MATH = YES;
				SDKROOT = iphoneos;
				SWIFT_COMPILATION_MODE = wholemodule;
				SWIFT_OPTIMIZATION_LEVEL = "-O";
				VALIDATE_PRODUCT = YES;
			};
			name = Release;
		};
		29C0CBE92368BB0C00FC35C5 /* Debug */ = {
			isa = XCBuildConfiguration;
			buildSettings = {
				ASSETCATALOG_COMPILER_APPICON_NAME = AppIcon;
				CODE_SIGN_STYLE = Automatic;
				DEVELOPMENT_TEAM = 8M8SAX62V2;
				INFOPLIST_FILE = "SwiftUIKit-Example/Info.plist";
				LD_RUNPATH_SEARCH_PATHS = (
					"$(inherited)",
					"@executable_path/Frameworks",
				);
				PRODUCT_BUNDLE_IDENTIFIER = "ol.SwiftUIKit-Example";
				PRODUCT_NAME = "$(TARGET_NAME)";
				SWIFT_VERSION = 5.0;
				TARGETED_DEVICE_FAMILY = "1,2";
			};
			name = Debug;
		};
		29C0CBEA2368BB0C00FC35C5 /* Release */ = {
			isa = XCBuildConfiguration;
			buildSettings = {
				ASSETCATALOG_COMPILER_APPICON_NAME = AppIcon;
				CODE_SIGN_STYLE = Automatic;
				DEVELOPMENT_TEAM = 8M8SAX62V2;
				INFOPLIST_FILE = "SwiftUIKit-Example/Info.plist";
				LD_RUNPATH_SEARCH_PATHS = (
					"$(inherited)",
					"@executable_path/Frameworks",
				);
				PRODUCT_BUNDLE_IDENTIFIER = "ol.SwiftUIKit-Example";
				PRODUCT_NAME = "$(TARGET_NAME)";
				SWIFT_VERSION = 5.0;
				TARGETED_DEVICE_FAMILY = "1,2";
			};
			name = Release;
		};
/* End XCBuildConfiguration section */

/* Begin XCConfigurationList section */
		29C0CBCF2368BB0B00FC35C5 /* Build configuration list for PBXProject "SwiftUIKit-Example" */ = {
			isa = XCConfigurationList;
			buildConfigurations = (
				29C0CBE62368BB0C00FC35C5 /* Debug */,
				29C0CBE72368BB0C00FC35C5 /* Release */,
			);
			defaultConfigurationIsVisible = 0;
			defaultConfigurationName = Release;
		};
		29C0CBE82368BB0C00FC35C5 /* Build configuration list for PBXNativeTarget "SwiftUIKit-Example" */ = {
			isa = XCConfigurationList;
			buildConfigurations = (
				29C0CBE92368BB0C00FC35C5 /* Debug */,
				29C0CBEA2368BB0C00FC35C5 /* Release */,
			);
			defaultConfigurationIsVisible = 0;
			defaultConfigurationName = Release;
		};
/* End XCConfigurationList section */
	};
	rootObject = 29C0CBCC2368BB0B00FC35C5 /* Project object */;
}
