// !$*UTF8*$!
{
	archiveVersion = 1;
	classes = {
	};
	objectVersion = 46;
	objects = {

/* Begin PBXAggregateTarget section */
		"SwiftUIKit::SwiftUIKitPackageTests::ProductTarget" /* SwiftUIKitPackageTests */ = {
			isa = PBXAggregateTarget;
			buildConfigurationList = OBJ_131 /* Build configuration list for PBXAggregateTarget "SwiftUIKitPackageTests" */;
			buildPhases = (
			);
			dependencies = (
				OBJ_134 /* PBXTargetDependency */,
			);
			name = SwiftUIKitPackageTests;
			productName = SwiftUIKitPackageTests;
		};
/* End PBXAggregateTarget section */

/* Begin PBXBuildFile section */
		OBJ_100 /* DefaultShaders.swift in Sources */ = {isa = PBXBuildFile; fileRef = OBJ_31 /* DefaultShaders.swift */; };
		OBJ_101 /* Renderer.swift in Sources */ = {isa = PBXBuildFile; fileRef = OBJ_32 /* Renderer.swift */; };
		OBJ_102 /* MetalView.swift in Sources */ = {isa = PBXBuildFile; fileRef = OBJ_34 /* MetalView.swift */; };
		OBJ_103 /* Navigate.swift in Sources */ = {isa = PBXBuildFile; fileRef = OBJ_36 /* Navigate.swift */; };
		OBJ_104 /* Button.swift in Sources */ = {isa = PBXBuildFile; fileRef = OBJ_38 /* Button.swift */; };
		OBJ_105 /* Divider.swift in Sources */ = {isa = PBXBuildFile; fileRef = OBJ_39 /* Divider.swift */; };
		OBJ_106 /* DynamicTable.swift in Sources */ = {isa = PBXBuildFile; fileRef = OBJ_40 /* DynamicTable.swift */; };
		OBJ_107 /* EffectView.swift in Sources */ = {isa = PBXBuildFile; fileRef = OBJ_41 /* EffectView.swift */; };
		OBJ_108 /* Field.swift in Sources */ = {isa = PBXBuildFile; fileRef = OBJ_42 /* Field.swift */; };
		OBJ_109 /* Image.swift in Sources */ = {isa = PBXBuildFile; fileRef = OBJ_43 /* Image.swift */; };
		OBJ_110 /* Label.swift in Sources */ = {isa = PBXBuildFile; fileRef = OBJ_44 /* Label.swift */; };
		OBJ_111 /* LoadingImage.swift in Sources */ = {isa = PBXBuildFile; fileRef = OBJ_45 /* LoadingImage.swift */; };
		OBJ_112 /* LoadingView.swift in Sources */ = {isa = PBXBuildFile; fileRef = OBJ_46 /* LoadingView.swift */; };
		OBJ_113 /* MultiLineField.swift in Sources */ = {isa = PBXBuildFile; fileRef = OBJ_47 /* MultiLineField.swift */; };
		OBJ_114 /* NavButton.swift in Sources */ = {isa = PBXBuildFile; fileRef = OBJ_48 /* NavButton.swift */; };
		OBJ_115 /* ScrollView.swift in Sources */ = {isa = PBXBuildFile; fileRef = OBJ_49 /* ScrollView.swift */; };
		OBJ_116 /* Slider.swift in Sources */ = {isa = PBXBuildFile; fileRef = OBJ_50 /* Slider.swift */; };
		OBJ_117 /* Spacer.swift in Sources */ = {isa = PBXBuildFile; fileRef = OBJ_51 /* Spacer.swift */; };
		OBJ_118 /* SwiftUIView.swift in Sources */ = {isa = PBXBuildFile; fileRef = OBJ_52 /* SwiftUIView.swift */; };
		OBJ_119 /* Switch.swift in Sources */ = {isa = PBXBuildFile; fileRef = OBJ_53 /* Switch.swift */; };
		OBJ_120 /* Table.swift in Sources */ = {isa = PBXBuildFile; fileRef = OBJ_54 /* Table.swift */; };
		OBJ_121 /* TableView.swift in Sources */ = {isa = PBXBuildFile; fileRef = OBJ_55 /* TableView.swift */; };
		OBJ_122 /* WebView.swift in Sources */ = {isa = PBXBuildFile; fileRef = OBJ_56 /* WebView.swift */; };
		OBJ_129 /* Package.swift in Sources */ = {isa = PBXBuildFile; fileRef = OBJ_6 /* Package.swift */; };
		OBJ_140 /* BasicADATests.swift in Sources */ = {isa = PBXBuildFile; fileRef = OBJ_60 /* BasicADATests.swift */; };
		OBJ_141 /* CALayer+SwiftUIKitTests.swift in Sources */ = {isa = PBXBuildFile; fileRef = OBJ_63 /* CALayer+SwiftUIKitTests.swift */; };
		OBJ_142 /* BasicSwiftUIKitTests.swift in Sources */ = {isa = PBXBuildFile; fileRef = OBJ_65 /* BasicSwiftUIKitTests.swift */; };
		OBJ_143 /* NSMutableAttributedStringTests.swift in Sources */ = {isa = PBXBuildFile; fileRef = OBJ_67 /* NSMutableAttributedStringTests.swift */; };
		OBJ_144 /* TableViewTests.swift in Sources */ = {isa = PBXBuildFile; fileRef = OBJ_69 /* TableViewTests.swift */; };
		OBJ_145 /* XCTestManifests.swift in Sources */ = {isa = PBXBuildFile; fileRef = OBJ_70 /* XCTestManifests.swift */; };
		OBJ_147 /* SwiftUIKit.framework in Frameworks */ = {isa = PBXBuildFile; fileRef = "SwiftUIKit::SwiftUIKit::Product" /* SwiftUIKit.framework */; };
		OBJ_84 /* HStack.swift in Sources */ = {isa = PBXBuildFile; fileRef = OBJ_10 /* HStack.swift */; };
		OBJ_85 /* SafeAreaView.swift in Sources */ = {isa = PBXBuildFile; fileRef = OBJ_11 /* SafeAreaView.swift */; };
		OBJ_86 /* VStack.swift in Sources */ = {isa = PBXBuildFile; fileRef = OBJ_12 /* VStack.swift */; };
		OBJ_87 /* ZStack.swift in Sources */ = {isa = PBXBuildFile; fileRef = OBJ_13 /* ZStack.swift */; };
		OBJ_88 /* CALayer+SwiftUIKit.swift in Sources */ = {isa = PBXBuildFile; fileRef = OBJ_15 /* CALayer+SwiftUIKit.swift */; };
		OBJ_89 /* NSMutableAttributedString+SwiftUIKit.swift in Sources */ = {isa = PBXBuildFile; fileRef = OBJ_16 /* NSMutableAttributedString+SwiftUIKit.swift */; };
		OBJ_90 /* NSObjectProtocol+SwiftUIKit.swift in Sources */ = {isa = PBXBuildFile; fileRef = OBJ_17 /* NSObjectProtocol+SwiftUIKit.swift */; };
		OBJ_91 /* UIAlertAction+SwiftUIKit.swift in Sources */ = {isa = PBXBuildFile; fileRef = OBJ_18 /* UIAlertAction+SwiftUIKit.swift */; };
		OBJ_92 /* UIBarButton+SwiftUIKit.swift in Sources */ = {isa = PBXBuildFile; fileRef = OBJ_19 /* UIBarButton+SwiftUIKit.swift */; };
		OBJ_93 /* UIView+SwiftUIKit.swift in Sources */ = {isa = PBXBuildFile; fileRef = OBJ_20 /* UIView+SwiftUIKit.swift */; };
		OBJ_94 /* UIViewController+SwiftUIKit.swift in Sources */ = {isa = PBXBuildFile; fileRef = OBJ_21 /* UIViewController+SwiftUIKit.swift */; };
		OBJ_95 /* Primitive.swift in Sources */ = {isa = PBXBuildFile; fileRef = OBJ_24 /* Primitive.swift */; };
		OBJ_96 /* Vertex.swift in Sources */ = {isa = PBXBuildFile; fileRef = OBJ_25 /* Vertex.swift */; };
		OBJ_97 /* CustomRenderer.swift in Sources */ = {isa = PBXBuildFile; fileRef = OBJ_28 /* CustomRenderer.swift */; };
		OBJ_98 /* MeshRenderer.swift in Sources */ = {isa = PBXBuildFile; fileRef = OBJ_29 /* MeshRenderer.swift */; };
		OBJ_99 /* TriangleRenderer.swift in Sources */ = {isa = PBXBuildFile; fileRef = OBJ_30 /* TriangleRenderer.swift */; };
/* End PBXBuildFile section */

/* Begin PBXContainerItemProxy section */
		29AACAB12447C76B001CE1CC /* PBXContainerItemProxy */ = {
			isa = PBXContainerItemProxy;
			containerPortal = OBJ_1 /* Project object */;
			proxyType = 1;
			remoteGlobalIDString = "SwiftUIKit::SwiftUIKit";
			remoteInfo = SwiftUIKit;
		};
		29AACAB22447C77F001CE1CC /* PBXContainerItemProxy */ = {
			isa = PBXContainerItemProxy;
			containerPortal = OBJ_1 /* Project object */;
			proxyType = 1;
			remoteGlobalIDString = "SwiftUIKit::SwiftUIKitTests";
			remoteInfo = SwiftUIKitTests;
		};
/* End PBXContainerItemProxy section */

/* Begin PBXFileReference section */
		OBJ_10 /* HStack.swift */ = {isa = PBXFileReference; lastKnownFileType = sourcecode.swift; path = HStack.swift; sourceTree = "<group>"; };
		OBJ_11 /* SafeAreaView.swift */ = {isa = PBXFileReference; lastKnownFileType = sourcecode.swift; path = SafeAreaView.swift; sourceTree = "<group>"; };
		OBJ_12 /* VStack.swift */ = {isa = PBXFileReference; lastKnownFileType = sourcecode.swift; path = VStack.swift; sourceTree = "<group>"; };
		OBJ_13 /* ZStack.swift */ = {isa = PBXFileReference; lastKnownFileType = sourcecode.swift; path = ZStack.swift; sourceTree = "<group>"; };
		OBJ_15 /* CALayer+SwiftUIKit.swift */ = {isa = PBXFileReference; lastKnownFileType = sourcecode.swift; path = "CALayer+SwiftUIKit.swift"; sourceTree = "<group>"; };
		OBJ_16 /* NSMutableAttributedString+SwiftUIKit.swift */ = {isa = PBXFileReference; lastKnownFileType = sourcecode.swift; path = "NSMutableAttributedString+SwiftUIKit.swift"; sourceTree = "<group>"; };
		OBJ_17 /* NSObjectProtocol+SwiftUIKit.swift */ = {isa = PBXFileReference; lastKnownFileType = sourcecode.swift; path = "NSObjectProtocol+SwiftUIKit.swift"; sourceTree = "<group>"; };
		OBJ_18 /* UIAlertAction+SwiftUIKit.swift */ = {isa = PBXFileReference; lastKnownFileType = sourcecode.swift; path = "UIAlertAction+SwiftUIKit.swift"; sourceTree = "<group>"; };
		OBJ_19 /* UIBarButton+SwiftUIKit.swift */ = {isa = PBXFileReference; lastKnownFileType = sourcecode.swift; path = "UIBarButton+SwiftUIKit.swift"; sourceTree = "<group>"; };
		OBJ_20 /* UIView+SwiftUIKit.swift */ = {isa = PBXFileReference; lastKnownFileType = sourcecode.swift; path = "UIView+SwiftUIKit.swift"; sourceTree = "<group>"; };
		OBJ_21 /* UIViewController+SwiftUIKit.swift */ = {isa = PBXFileReference; lastKnownFileType = sourcecode.swift; path = "UIViewController+SwiftUIKit.swift"; sourceTree = "<group>"; };
		OBJ_24 /* Primitive.swift */ = {isa = PBXFileReference; lastKnownFileType = sourcecode.swift; path = Primitive.swift; sourceTree = "<group>"; };
		OBJ_25 /* Vertex.swift */ = {isa = PBXFileReference; lastKnownFileType = sourcecode.swift; path = Vertex.swift; sourceTree = "<group>"; };
		OBJ_28 /* CustomRenderer.swift */ = {isa = PBXFileReference; lastKnownFileType = sourcecode.swift; path = CustomRenderer.swift; sourceTree = "<group>"; };
		OBJ_29 /* MeshRenderer.swift */ = {isa = PBXFileReference; lastKnownFileType = sourcecode.swift; path = MeshRenderer.swift; sourceTree = "<group>"; };
		OBJ_30 /* TriangleRenderer.swift */ = {isa = PBXFileReference; lastKnownFileType = sourcecode.swift; path = TriangleRenderer.swift; sourceTree = "<group>"; };
		OBJ_31 /* DefaultShaders.swift */ = {isa = PBXFileReference; lastKnownFileType = sourcecode.swift; path = DefaultShaders.swift; sourceTree = "<group>"; };
		OBJ_32 /* Renderer.swift */ = {isa = PBXFileReference; lastKnownFileType = sourcecode.swift; path = Renderer.swift; sourceTree = "<group>"; };
		OBJ_34 /* MetalView.swift */ = {isa = PBXFileReference; lastKnownFileType = sourcecode.swift; path = MetalView.swift; sourceTree = "<group>"; };
		OBJ_36 /* Navigate.swift */ = {isa = PBXFileReference; lastKnownFileType = sourcecode.swift; path = Navigate.swift; sourceTree = "<group>"; };
		OBJ_38 /* Button.swift */ = {isa = PBXFileReference; lastKnownFileType = sourcecode.swift; path = Button.swift; sourceTree = "<group>"; };
		OBJ_39 /* Divider.swift */ = {isa = PBXFileReference; lastKnownFileType = sourcecode.swift; path = Divider.swift; sourceTree = "<group>"; };
		OBJ_40 /* DynamicTable.swift */ = {isa = PBXFileReference; lastKnownFileType = sourcecode.swift; path = DynamicTable.swift; sourceTree = "<group>"; };
		OBJ_41 /* EffectView.swift */ = {isa = PBXFileReference; lastKnownFileType = sourcecode.swift; path = EffectView.swift; sourceTree = "<group>"; };
		OBJ_42 /* Field.swift */ = {isa = PBXFileReference; lastKnownFileType = sourcecode.swift; path = Field.swift; sourceTree = "<group>"; };
		OBJ_43 /* Image.swift */ = {isa = PBXFileReference; lastKnownFileType = sourcecode.swift; path = Image.swift; sourceTree = "<group>"; };
		OBJ_44 /* Label.swift */ = {isa = PBXFileReference; lastKnownFileType = sourcecode.swift; path = Label.swift; sourceTree = "<group>"; };
		OBJ_45 /* LoadingImage.swift */ = {isa = PBXFileReference; lastKnownFileType = sourcecode.swift; path = LoadingImage.swift; sourceTree = "<group>"; };
		OBJ_46 /* LoadingView.swift */ = {isa = PBXFileReference; lastKnownFileType = sourcecode.swift; path = LoadingView.swift; sourceTree = "<group>"; };
		OBJ_47 /* MultiLineField.swift */ = {isa = PBXFileReference; lastKnownFileType = sourcecode.swift; path = MultiLineField.swift; sourceTree = "<group>"; };
		OBJ_48 /* NavButton.swift */ = {isa = PBXFileReference; lastKnownFileType = sourcecode.swift; path = NavButton.swift; sourceTree = "<group>"; };
		OBJ_49 /* ScrollView.swift */ = {isa = PBXFileReference; lastKnownFileType = sourcecode.swift; path = ScrollView.swift; sourceTree = "<group>"; };
		OBJ_50 /* Slider.swift */ = {isa = PBXFileReference; lastKnownFileType = sourcecode.swift; path = Slider.swift; sourceTree = "<group>"; };
		OBJ_51 /* Spacer.swift */ = {isa = PBXFileReference; lastKnownFileType = sourcecode.swift; path = Spacer.swift; sourceTree = "<group>"; };
		OBJ_52 /* SwiftUIView.swift */ = {isa = PBXFileReference; lastKnownFileType = sourcecode.swift; path = SwiftUIView.swift; sourceTree = "<group>"; };
		OBJ_53 /* Switch.swift */ = {isa = PBXFileReference; lastKnownFileType = sourcecode.swift; path = Switch.swift; sourceTree = "<group>"; };
		OBJ_54 /* Table.swift */ = {isa = PBXFileReference; lastKnownFileType = sourcecode.swift; path = Table.swift; sourceTree = "<group>"; };
		OBJ_55 /* TableView.swift */ = {isa = PBXFileReference; lastKnownFileType = sourcecode.swift; path = TableView.swift; sourceTree = "<group>"; };
		OBJ_56 /* WebView.swift */ = {isa = PBXFileReference; lastKnownFileType = sourcecode.swift; path = WebView.swift; sourceTree = "<group>"; };
		OBJ_6 /* Package.swift */ = {isa = PBXFileReference; explicitFileType = sourcecode.swift; path = Package.swift; sourceTree = "<group>"; };
		OBJ_60 /* BasicADATests.swift */ = {isa = PBXFileReference; lastKnownFileType = sourcecode.swift; path = BasicADATests.swift; sourceTree = "<group>"; };
		OBJ_63 /* CALayer+SwiftUIKitTests.swift */ = {isa = PBXFileReference; lastKnownFileType = sourcecode.swift; path = "CALayer+SwiftUIKitTests.swift"; sourceTree = "<group>"; };
		OBJ_65 /* BasicSwiftUIKitTests.swift */ = {isa = PBXFileReference; lastKnownFileType = sourcecode.swift; path = BasicSwiftUIKitTests.swift; sourceTree = "<group>"; };
		OBJ_67 /* NSMutableAttributedStringTests.swift */ = {isa = PBXFileReference; lastKnownFileType = sourcecode.swift; path = NSMutableAttributedStringTests.swift; sourceTree = "<group>"; };
		OBJ_69 /* TableViewTests.swift */ = {isa = PBXFileReference; lastKnownFileType = sourcecode.swift; path = TableViewTests.swift; sourceTree = "<group>"; };
		OBJ_70 /* XCTestManifests.swift */ = {isa = PBXFileReference; lastKnownFileType = sourcecode.swift; path = XCTestManifests.swift; sourceTree = "<group>"; };
		OBJ_74 /* assets */ = {isa = PBXFileReference; lastKnownFileType = folder; path = assets; sourceTree = SOURCE_ROOT; };
		OBJ_75 /* LICENSE */ = {isa = PBXFileReference; lastKnownFileType = text; path = LICENSE; sourceTree = "<group>"; };
		OBJ_76 /* README.md */ = {isa = PBXFileReference; lastKnownFileType = net.daringfireball.markdown; path = README.md; sourceTree = "<group>"; };
		OBJ_77 /* SwiftUIKit_ccpods.podspec */ = {isa = PBXFileReference; lastKnownFileType = text; path = SwiftUIKit_ccpods.podspec; sourceTree = "<group>"; };
		OBJ_78 /* _config.yml */ = {isa = PBXFileReference; lastKnownFileType = text.yaml; path = _config.yml; sourceTree = "<group>"; };
		"SwiftUIKit::SwiftUIKit::Product" /* SwiftUIKit.framework */ = {isa = PBXFileReference; explicitFileType = wrapper.framework; path = SwiftUIKit.framework; sourceTree = BUILT_PRODUCTS_DIR; };
		"SwiftUIKit::SwiftUIKitTests::Product" /* SwiftUIKitTests.xctest */ = {isa = PBXFileReference; explicitFileType = wrapper.cfbundle; path = SwiftUIKitTests.xctest; sourceTree = BUILT_PRODUCTS_DIR; };
/* End PBXFileReference section */

/* Begin PBXFrameworksBuildPhase section */
		OBJ_123 /* Frameworks */ = {
			isa = PBXFrameworksBuildPhase;
			buildActionMask = 0;
			files = (
			);
			runOnlyForDeploymentPostprocessing = 0;
		};
		OBJ_146 /* Frameworks */ = {
			isa = PBXFrameworksBuildPhase;
			buildActionMask = 0;
			files = (
				OBJ_147 /* SwiftUIKit.framework in Frameworks */,
			);
			runOnlyForDeploymentPostprocessing = 0;
		};
/* End PBXFrameworksBuildPhase section */

/* Begin PBXGroup section */
		OBJ_14 /* Extensions */ = {
			isa = PBXGroup;
			children = (
				OBJ_15 /* CALayer+SwiftUIKit.swift */,
				OBJ_16 /* NSMutableAttributedString+SwiftUIKit.swift */,
				OBJ_17 /* NSObjectProtocol+SwiftUIKit.swift */,
				OBJ_18 /* UIAlertAction+SwiftUIKit.swift */,
				OBJ_19 /* UIBarButton+SwiftUIKit.swift */,
				OBJ_20 /* UIView+SwiftUIKit.swift */,
				OBJ_21 /* UIViewController+SwiftUIKit.swift */,
			);
			path = Extensions;
			sourceTree = "<group>";
		};
		OBJ_22 /* MetalKit */ = {
			isa = PBXGroup;
			children = (
				OBJ_23 /* Pipeline */,
				OBJ_26 /* Renderers */,
				OBJ_33 /* UI */,
			);
			path = MetalKit;
			sourceTree = "<group>";
		};
		OBJ_23 /* Pipeline */ = {
			isa = PBXGroup;
			children = (
				OBJ_24 /* Primitive.swift */,
				OBJ_25 /* Vertex.swift */,
			);
			path = Pipeline;
			sourceTree = "<group>";
		};
		OBJ_26 /* Renderers */ = {
			isa = PBXGroup;
			children = (
				OBJ_27 /* Custom */,
				OBJ_31 /* DefaultShaders.swift */,
				OBJ_32 /* Renderer.swift */,
			);
			path = Renderers;
			sourceTree = "<group>";
		};
		OBJ_27 /* Custom */ = {
			isa = PBXGroup;
			children = (
				OBJ_28 /* CustomRenderer.swift */,
				OBJ_29 /* MeshRenderer.swift */,
				OBJ_30 /* TriangleRenderer.swift */,
			);
			path = Custom;
			sourceTree = "<group>";
		};
		OBJ_33 /* UI */ = {
			isa = PBXGroup;
			children = (
				OBJ_34 /* MetalView.swift */,
			);
			path = UI;
			sourceTree = "<group>";
		};
		OBJ_35 /* Navigation */ = {
			isa = PBXGroup;
			children = (
				OBJ_36 /* Navigate.swift */,
			);
			path = Navigation;
			sourceTree = "<group>";
		};
		OBJ_37 /* Views */ = {
			isa = PBXGroup;
			children = (
				OBJ_38 /* Button.swift */,
				OBJ_39 /* Divider.swift */,
				OBJ_40 /* DynamicTable.swift */,
				OBJ_41 /* EffectView.swift */,
				OBJ_42 /* Field.swift */,
				OBJ_43 /* Image.swift */,
				OBJ_44 /* Label.swift */,
				OBJ_45 /* LoadingImage.swift */,
				OBJ_46 /* LoadingView.swift */,
				OBJ_47 /* MultiLineField.swift */,
				OBJ_48 /* NavButton.swift */,
				OBJ_49 /* ScrollView.swift */,
				OBJ_50 /* Slider.swift */,
				OBJ_51 /* Spacer.swift */,
				OBJ_52 /* SwiftUIView.swift */,
				OBJ_53 /* Switch.swift */,
				OBJ_54 /* Table.swift */,
				OBJ_55 /* TableView.swift */,
				OBJ_56 /* WebView.swift */,
			);
			path = Views;
			sourceTree = "<group>";
		};
		OBJ_5 /*  */ = {
			isa = PBXGroup;
			children = (
				OBJ_6 /* Package.swift */,
				OBJ_7 /* Sources */,
				OBJ_57 /* Tests */,
				OBJ_71 /* Products */,
				OBJ_74 /* assets */,
				OBJ_75 /* LICENSE */,
				OBJ_76 /* README.md */,
				OBJ_77 /* SwiftUIKit_ccpods.podspec */,
				OBJ_78 /* _config.yml */,
			);
			name = "";
			sourceTree = "<group>";
		};
		OBJ_57 /* Tests */ = {
			isa = PBXGroup;
			children = (
				OBJ_58 /* SwiftUIKitTests */,
			);
			name = Tests;
			sourceTree = SOURCE_ROOT;
		};
		OBJ_58 /* SwiftUIKitTests */ = {
			isa = PBXGroup;
			children = (
				OBJ_59 /* ADA */,
				OBJ_61 /* Case */,
				OBJ_64 /* Core */,
				OBJ_66 /* NSAttributedString */,
				OBJ_68 /* TableView */,
				OBJ_70 /* XCTestManifests.swift */,
			);
			name = SwiftUIKitTests;
			path = Tests/SwiftUIKitTests;
			sourceTree = SOURCE_ROOT;
		};
		OBJ_59 /* ADA */ = {
			isa = PBXGroup;
			children = (
				OBJ_60 /* BasicADATests.swift */,
			);
			path = ADA;
			sourceTree = "<group>";
		};
		OBJ_61 /* Case */ = {
			isa = PBXGroup;
			children = (
				OBJ_62 /* Extensions */,
			);
			path = Case;
			sourceTree = "<group>";
		};
		OBJ_62 /* Extensions */ = {
			isa = PBXGroup;
			children = (
				OBJ_63 /* CALayer+SwiftUIKitTests.swift */,
			);
			path = Extensions;
			sourceTree = "<group>";
		};
		OBJ_64 /* Core */ = {
			isa = PBXGroup;
			children = (
				OBJ_65 /* BasicSwiftUIKitTests.swift */,
			);
			path = Core;
			sourceTree = "<group>";
		};
		OBJ_66 /* NSAttributedString */ = {
			isa = PBXGroup;
			children = (
				OBJ_67 /* NSMutableAttributedStringTests.swift */,
			);
			path = NSAttributedString;
			sourceTree = "<group>";
		};
		OBJ_68 /* TableView */ = {
			isa = PBXGroup;
			children = (
				OBJ_69 /* TableViewTests.swift */,
			);
			path = TableView;
			sourceTree = "<group>";
		};
		OBJ_7 /* Sources */ = {
			isa = PBXGroup;
			children = (
				OBJ_8 /* SwiftUIKit */,
			);
			name = Sources;
			sourceTree = SOURCE_ROOT;
		};
		OBJ_71 /* Products */ = {
			isa = PBXGroup;
			children = (
				"SwiftUIKit::SwiftUIKit::Product" /* SwiftUIKit.framework */,
				"SwiftUIKit::SwiftUIKitTests::Product" /* SwiftUIKitTests.xctest */,
			);
			name = Products;
			sourceTree = BUILT_PRODUCTS_DIR;
		};
		OBJ_8 /* SwiftUIKit */ = {
			isa = PBXGroup;
			children = (
				OBJ_9 /* Containers */,
				OBJ_14 /* Extensions */,
				OBJ_22 /* MetalKit */,
				OBJ_35 /* Navigation */,
				OBJ_37 /* Views */,
			);
			name = SwiftUIKit;
			path = Sources/SwiftUIKit;
			sourceTree = SOURCE_ROOT;
		};
		OBJ_9 /* Containers */ = {
			isa = PBXGroup;
			children = (
				OBJ_10 /* HStack.swift */,
				OBJ_11 /* SafeAreaView.swift */,
				OBJ_12 /* VStack.swift */,
				OBJ_13 /* ZStack.swift */,
			);
			path = Containers;
			sourceTree = "<group>";
		};
/* End PBXGroup section */

/* Begin PBXNativeTarget section */
		"SwiftUIKit::SwiftPMPackageDescription" /* SwiftUIKitPackageDescription */ = {
			isa = PBXNativeTarget;
			buildConfigurationList = OBJ_125 /* Build configuration list for PBXNativeTarget "SwiftUIKitPackageDescription" */;
			buildPhases = (
				OBJ_128 /* Sources */,
			);
			buildRules = (
			);
			dependencies = (
			);
			name = SwiftUIKitPackageDescription;
			productName = SwiftUIKitPackageDescription;
			productType = "com.apple.product-type.framework";
		};
		"SwiftUIKit::SwiftUIKit" /* SwiftUIKit */ = {
			isa = PBXNativeTarget;
			buildConfigurationList = OBJ_80 /* Build configuration list for PBXNativeTarget "SwiftUIKit" */;
			buildPhases = (
				OBJ_83 /* Sources */,
				OBJ_123 /* Frameworks */,
			);
			buildRules = (
			);
			dependencies = (
			);
			name = SwiftUIKit;
			productName = SwiftUIKit;
			productReference = "SwiftUIKit::SwiftUIKit::Product" /* SwiftUIKit.framework */;
			productType = "com.apple.product-type.framework";
		};
		"SwiftUIKit::SwiftUIKitTests" /* SwiftUIKitTests */ = {
			isa = PBXNativeTarget;
			buildConfigurationList = OBJ_136 /* Build configuration list for PBXNativeTarget "SwiftUIKitTests" */;
			buildPhases = (
				OBJ_139 /* Sources */,
				OBJ_146 /* Frameworks */,
			);
			buildRules = (
			);
			dependencies = (
				OBJ_148 /* PBXTargetDependency */,
			);
			name = SwiftUIKitTests;
			productName = SwiftUIKitTests;
			productReference = "SwiftUIKit::SwiftUIKitTests::Product" /* SwiftUIKitTests.xctest */;
			productType = "com.apple.product-type.bundle.unit-test";
		};
/* End PBXNativeTarget section */

/* Begin PBXProject section */
		OBJ_1 /* Project object */ = {
			isa = PBXProject;
			attributes = {
				LastSwiftMigration = 9999;
				LastUpgradeCheck = 9999;
			};
			buildConfigurationList = OBJ_2 /* Build configuration list for PBXProject "SwiftUIKit" */;
			compatibilityVersion = "Xcode 3.2";
			developmentRegion = en;
			hasScannedForEncodings = 0;
			knownRegions = (
				en,
			);
			mainGroup = OBJ_5 /*  */;
			productRefGroup = OBJ_71 /* Products */;
			projectDirPath = "";
			projectRoot = "";
			targets = (
				"SwiftUIKit::SwiftUIKit" /* SwiftUIKit */,
				"SwiftUIKit::SwiftPMPackageDescription" /* SwiftUIKitPackageDescription */,
				"SwiftUIKit::SwiftUIKitPackageTests::ProductTarget" /* SwiftUIKitPackageTests */,
				"SwiftUIKit::SwiftUIKitTests" /* SwiftUIKitTests */,
			);
		};
/* End PBXProject section */

/* Begin PBXSourcesBuildPhase section */
		OBJ_128 /* Sources */ = {
			isa = PBXSourcesBuildPhase;
			buildActionMask = 0;
			files = (
				OBJ_129 /* Package.swift in Sources */,
			);
			runOnlyForDeploymentPostprocessing = 0;
		};
		OBJ_139 /* Sources */ = {
			isa = PBXSourcesBuildPhase;
			buildActionMask = 0;
			files = (
				OBJ_140 /* BasicADATests.swift in Sources */,
				OBJ_141 /* CALayer+SwiftUIKitTests.swift in Sources */,
				OBJ_142 /* BasicSwiftUIKitTests.swift in Sources */,
				OBJ_143 /* NSMutableAttributedStringTests.swift in Sources */,
				OBJ_144 /* TableViewTests.swift in Sources */,
				OBJ_145 /* XCTestManifests.swift in Sources */,
			);
			runOnlyForDeploymentPostprocessing = 0;
		};
		OBJ_83 /* Sources */ = {
			isa = PBXSourcesBuildPhase;
			buildActionMask = 0;
			files = (
				OBJ_84 /* HStack.swift in Sources */,
				OBJ_85 /* SafeAreaView.swift in Sources */,
				OBJ_86 /* VStack.swift in Sources */,
				OBJ_87 /* ZStack.swift in Sources */,
				OBJ_88 /* CALayer+SwiftUIKit.swift in Sources */,
				OBJ_89 /* NSMutableAttributedString+SwiftUIKit.swift in Sources */,
				OBJ_90 /* NSObjectProtocol+SwiftUIKit.swift in Sources */,
				OBJ_91 /* UIAlertAction+SwiftUIKit.swift in Sources */,
				OBJ_92 /* UIBarButton+SwiftUIKit.swift in Sources */,
				OBJ_93 /* UIView+SwiftUIKit.swift in Sources */,
				OBJ_94 /* UIViewController+SwiftUIKit.swift in Sources */,
				OBJ_95 /* Primitive.swift in Sources */,
				OBJ_96 /* Vertex.swift in Sources */,
				OBJ_97 /* CustomRenderer.swift in Sources */,
				OBJ_98 /* MeshRenderer.swift in Sources */,
				OBJ_99 /* TriangleRenderer.swift in Sources */,
				OBJ_100 /* DefaultShaders.swift in Sources */,
				OBJ_101 /* Renderer.swift in Sources */,
				OBJ_102 /* MetalView.swift in Sources */,
				OBJ_103 /* Navigate.swift in Sources */,
				OBJ_104 /* Button.swift in Sources */,
				OBJ_105 /* Divider.swift in Sources */,
				OBJ_106 /* DynamicTable.swift in Sources */,
				OBJ_107 /* EffectView.swift in Sources */,
				OBJ_108 /* Field.swift in Sources */,
				OBJ_109 /* Image.swift in Sources */,
				OBJ_110 /* Label.swift in Sources */,
				OBJ_111 /* LoadingImage.swift in Sources */,
				OBJ_112 /* LoadingView.swift in Sources */,
				OBJ_113 /* MultiLineField.swift in Sources */,
				OBJ_114 /* NavButton.swift in Sources */,
				OBJ_115 /* ScrollView.swift in Sources */,
				OBJ_116 /* Slider.swift in Sources */,
				OBJ_117 /* Spacer.swift in Sources */,
				OBJ_118 /* SwiftUIView.swift in Sources */,
				OBJ_119 /* Switch.swift in Sources */,
				OBJ_120 /* Table.swift in Sources */,
				OBJ_121 /* TableView.swift in Sources */,
				OBJ_122 /* WebView.swift in Sources */,
			);
			runOnlyForDeploymentPostprocessing = 0;
		};
/* End PBXSourcesBuildPhase section */

/* Begin PBXTargetDependency section */
		OBJ_134 /* PBXTargetDependency */ = {
			isa = PBXTargetDependency;
			target = "SwiftUIKit::SwiftUIKitTests" /* SwiftUIKitTests */;
			targetProxy = 29AACAB22447C77F001CE1CC /* PBXContainerItemProxy */;
		};
		OBJ_148 /* PBXTargetDependency */ = {
			isa = PBXTargetDependency;
			target = "SwiftUIKit::SwiftUIKit" /* SwiftUIKit */;
			targetProxy = 29AACAB12447C76B001CE1CC /* PBXContainerItemProxy */;
		};
/* End PBXTargetDependency section */

/* Begin XCBuildConfiguration section */
		OBJ_126 /* Debug */ = {
			isa = XCBuildConfiguration;
			buildSettings = {
				LD = /usr/bin/true;
				OTHER_SWIFT_FLAGS = "-swift-version 5 -I $(TOOLCHAIN_DIR)/usr/lib/swift/pm/4_2 -target x86_64-apple-macosx10.10 -sdk /Applications/Xcodes/Xcode.app/Contents/Developer/Platforms/MacOSX.platform/Developer/SDKs/MacOSX10.15.sdk -package-description-version 5.1";
				SWIFT_VERSION = 5.0;
			};
			name = Debug;
		};
		OBJ_127 /* Release */ = {
			isa = XCBuildConfiguration;
			buildSettings = {
				LD = /usr/bin/true;
				OTHER_SWIFT_FLAGS = "-swift-version 5 -I $(TOOLCHAIN_DIR)/usr/lib/swift/pm/4_2 -target x86_64-apple-macosx10.10 -sdk /Applications/Xcodes/Xcode.app/Contents/Developer/Platforms/MacOSX.platform/Developer/SDKs/MacOSX10.15.sdk -package-description-version 5.1";
				SWIFT_VERSION = 5.0;
			};
			name = Release;
		};
		OBJ_132 /* Debug */ = {
			isa = XCBuildConfiguration;
			buildSettings = {
			};
			name = Debug;
		};
		OBJ_133 /* Release */ = {
			isa = XCBuildConfiguration;
			buildSettings = {
			};
			name = Release;
		};
		OBJ_137 /* Debug */ = {
			isa = XCBuildConfiguration;
			buildSettings = {
				CLANG_ENABLE_MODULES = YES;
				EMBEDDED_CONTENT_CONTAINS_SWIFT = YES;
				FRAMEWORK_SEARCH_PATHS = (
					"$(inherited)",
					"$(PLATFORM_DIR)/Developer/Library/Frameworks",
				);
				HEADER_SEARCH_PATHS = "$(inherited)";
				INFOPLIST_FILE = SwiftUIKit.xcodeproj/SwiftUIKitTests_Info.plist;
				IPHONEOS_DEPLOYMENT_TARGET = 9.0;
				LD_RUNPATH_SEARCH_PATHS = "$(inherited) @loader_path/../Frameworks @loader_path/Frameworks";
				MACOSX_DEPLOYMENT_TARGET = 10.10;
				OTHER_CFLAGS = "$(inherited)";
				OTHER_LDFLAGS = "$(inherited)";
				OTHER_SWIFT_FLAGS = "$(inherited)";
				SWIFT_ACTIVE_COMPILATION_CONDITIONS = "$(inherited)";
				SWIFT_VERSION = 5.0;
				TARGET_NAME = SwiftUIKitTests;
				TVOS_DEPLOYMENT_TARGET = 9.0;
				WATCHOS_DEPLOYMENT_TARGET = 2.0;
			};
			name = Debug;
		};
		OBJ_138 /* Release */ = {
			isa = XCBuildConfiguration;
			buildSettings = {
				CLANG_ENABLE_MODULES = YES;
				EMBEDDED_CONTENT_CONTAINS_SWIFT = YES;
				FRAMEWORK_SEARCH_PATHS = (
					"$(inherited)",
					"$(PLATFORM_DIR)/Developer/Library/Frameworks",
				);
				HEADER_SEARCH_PATHS = "$(inherited)";
				INFOPLIST_FILE = SwiftUIKit.xcodeproj/SwiftUIKitTests_Info.plist;
				IPHONEOS_DEPLOYMENT_TARGET = 9.0;
				LD_RUNPATH_SEARCH_PATHS = "$(inherited) @loader_path/../Frameworks @loader_path/Frameworks";
				MACOSX_DEPLOYMENT_TARGET = 10.10;
				OTHER_CFLAGS = "$(inherited)";
				OTHER_LDFLAGS = "$(inherited)";
				OTHER_SWIFT_FLAGS = "$(inherited)";
				SWIFT_ACTIVE_COMPILATION_CONDITIONS = "$(inherited)";
				SWIFT_VERSION = 5.0;
				TARGET_NAME = SwiftUIKitTests;
				TVOS_DEPLOYMENT_TARGET = 9.0;
				WATCHOS_DEPLOYMENT_TARGET = 2.0;
			};
			name = Release;
		};
		OBJ_3 /* Debug */ = {
			isa = XCBuildConfiguration;
			buildSettings = {
				CLANG_ENABLE_OBJC_ARC = YES;
				COMBINE_HIDPI_IMAGES = YES;
				COPY_PHASE_STRIP = NO;
				DEBUG_INFORMATION_FORMAT = dwarf;
				DYLIB_INSTALL_NAME_BASE = "@rpath";
				ENABLE_NS_ASSERTIONS = YES;
				GCC_OPTIMIZATION_LEVEL = 0;
				GCC_PREPROCESSOR_DEFINITIONS = (
					"$(inherited)",
					"SWIFT_PACKAGE=1",
					"DEBUG=1",
				);
				MACOSX_DEPLOYMENT_TARGET = 10.10;
				ONLY_ACTIVE_ARCH = YES;
				OTHER_SWIFT_FLAGS = "$(inherited) -DXcode";
				PRODUCT_NAME = "$(TARGET_NAME)";
				SDKROOT = macosx;
				SUPPORTED_PLATFORMS = "macosx iphoneos iphonesimulator appletvos appletvsimulator watchos watchsimulator";
				SWIFT_ACTIVE_COMPILATION_CONDITIONS = "$(inherited) SWIFT_PACKAGE DEBUG";
				SWIFT_OPTIMIZATION_LEVEL = "-Onone";
				USE_HEADERMAP = NO;
			};
			name = Debug;
		};
		OBJ_4 /* Release */ = {
			isa = XCBuildConfiguration;
			buildSettings = {
				CLANG_ENABLE_OBJC_ARC = YES;
				COMBINE_HIDPI_IMAGES = YES;
				COPY_PHASE_STRIP = YES;
				DEBUG_INFORMATION_FORMAT = "dwarf-with-dsym";
				DYLIB_INSTALL_NAME_BASE = "@rpath";
				GCC_OPTIMIZATION_LEVEL = s;
				GCC_PREPROCESSOR_DEFINITIONS = (
					"$(inherited)",
					"SWIFT_PACKAGE=1",
				);
				MACOSX_DEPLOYMENT_TARGET = 10.10;
				OTHER_SWIFT_FLAGS = "$(inherited) -DXcode";
				PRODUCT_NAME = "$(TARGET_NAME)";
				SDKROOT = macosx;
				SUPPORTED_PLATFORMS = "macosx iphoneos iphonesimulator appletvos appletvsimulator watchos watchsimulator";
				SWIFT_ACTIVE_COMPILATION_CONDITIONS = "$(inherited) SWIFT_PACKAGE";
				SWIFT_OPTIMIZATION_LEVEL = "-Owholemodule";
				USE_HEADERMAP = NO;
			};
			name = Release;
		};
		OBJ_81 /* Debug */ = {
			isa = XCBuildConfiguration;
			buildSettings = {
				ENABLE_TESTABILITY = YES;
				FRAMEWORK_SEARCH_PATHS = (
					"$(inherited)",
					"$(PLATFORM_DIR)/Developer/Library/Frameworks",
				);
				HEADER_SEARCH_PATHS = "$(inherited)";
				INFOPLIST_FILE = SwiftUIKit.xcodeproj/SwiftUIKit_Info.plist;
				IPHONEOS_DEPLOYMENT_TARGET = 9.0;
				LD_RUNPATH_SEARCH_PATHS = "$(inherited) $(TOOLCHAIN_DIR)/usr/lib/swift/macosx";
				MACOSX_DEPLOYMENT_TARGET = 10.10;
				OTHER_CFLAGS = "$(inherited)";
				OTHER_LDFLAGS = "$(inherited)";
				OTHER_SWIFT_FLAGS = "$(inherited)";
				PRODUCT_BUNDLE_IDENTIFIER = SwiftUIKit;
				PRODUCT_MODULE_NAME = "$(TARGET_NAME:c99extidentifier)";
				PRODUCT_NAME = "$(TARGET_NAME:c99extidentifier)";
				SKIP_INSTALL = YES;
				SWIFT_ACTIVE_COMPILATION_CONDITIONS = "$(inherited)";
				SWIFT_VERSION = 5.0;
				TARGET_NAME = SwiftUIKit;
				TVOS_DEPLOYMENT_TARGET = 9.0;
				WATCHOS_DEPLOYMENT_TARGET = 2.0;
			};
			name = Debug;
		};
		OBJ_82 /* Release */ = {
			isa = XCBuildConfiguration;
			buildSettings = {
				ENABLE_TESTABILITY = YES;
				FRAMEWORK_SEARCH_PATHS = (
					"$(inherited)",
					"$(PLATFORM_DIR)/Developer/Library/Frameworks",
				);
				HEADER_SEARCH_PATHS = "$(inherited)";
				INFOPLIST_FILE = SwiftUIKit.xcodeproj/SwiftUIKit_Info.plist;
				IPHONEOS_DEPLOYMENT_TARGET = 9.0;
				LD_RUNPATH_SEARCH_PATHS = "$(inherited) $(TOOLCHAIN_DIR)/usr/lib/swift/macosx";
				MACOSX_DEPLOYMENT_TARGET = 10.10;
				OTHER_CFLAGS = "$(inherited)";
				OTHER_LDFLAGS = "$(inherited)";
				OTHER_SWIFT_FLAGS = "$(inherited)";
				PRODUCT_BUNDLE_IDENTIFIER = SwiftUIKit;
				PRODUCT_MODULE_NAME = "$(TARGET_NAME:c99extidentifier)";
				PRODUCT_NAME = "$(TARGET_NAME:c99extidentifier)";
				SKIP_INSTALL = YES;
				SWIFT_ACTIVE_COMPILATION_CONDITIONS = "$(inherited)";
				SWIFT_VERSION = 5.0;
				TARGET_NAME = SwiftUIKit;
				TVOS_DEPLOYMENT_TARGET = 9.0;
				WATCHOS_DEPLOYMENT_TARGET = 2.0;
			};
			name = Release;
		};
/* End XCBuildConfiguration section */

/* Begin XCConfigurationList section */
		OBJ_125 /* Build configuration list for PBXNativeTarget "SwiftUIKitPackageDescription" */ = {
			isa = XCConfigurationList;
			buildConfigurations = (
				OBJ_126 /* Debug */,
				OBJ_127 /* Release */,
			);
			defaultConfigurationIsVisible = 0;
			defaultConfigurationName = Release;
		};
		OBJ_131 /* Build configuration list for PBXAggregateTarget "SwiftUIKitPackageTests" */ = {
			isa = XCConfigurationList;
			buildConfigurations = (
				OBJ_132 /* Debug */,
				OBJ_133 /* Release */,
			);
			defaultConfigurationIsVisible = 0;
			defaultConfigurationName = Release;
		};
		OBJ_136 /* Build configuration list for PBXNativeTarget "SwiftUIKitTests" */ = {
			isa = XCConfigurationList;
			buildConfigurations = (
				OBJ_137 /* Debug */,
				OBJ_138 /* Release */,
			);
			defaultConfigurationIsVisible = 0;
			defaultConfigurationName = Release;
		};
		OBJ_2 /* Build configuration list for PBXProject "SwiftUIKit" */ = {
			isa = XCConfigurationList;
			buildConfigurations = (
				OBJ_3 /* Debug */,
				OBJ_4 /* Release */,
			);
			defaultConfigurationIsVisible = 0;
			defaultConfigurationName = Release;
		};
		OBJ_80 /* Build configuration list for PBXNativeTarget "SwiftUIKit" */ = {
			isa = XCConfigurationList;
			buildConfigurations = (
				OBJ_81 /* Debug */,
				OBJ_82 /* Release */,
			);
			defaultConfigurationIsVisible = 0;
			defaultConfigurationName = Release;
		};
/* End XCConfigurationList section */
	};
	rootObject = OBJ_1 /* Project object */;
}
